// !$*UTF8*$!
{
	archiveVersion = 1;
	classes = {
	};
	objectVersion = 77;
	objects = {

/* Begin PBXContainerItemProxy section */
		40B9726A2D987B6B00F7764D /* PBXContainerItemProxy */ = {
			isa = PBXContainerItemProxy;
			containerPortal = 40B972512D987B6800F7764D /* Project object */;
			proxyType = 1;
			remoteGlobalIDString = 40B972582D987B6800F7764D;
			remoteInfo = NalinEntainRaces;
		};
		40B972742D987B6B00F7764D /* PBXContainerItemProxy */ = {
			isa = PBXContainerItemProxy;
			containerPortal = 40B972512D987B6800F7764D /* Project object */;
			proxyType = 1;
			remoteGlobalIDString = 40B972582D987B6800F7764D;
			remoteInfo = NalinEntainRaces;
		};
/* End PBXContainerItemProxy section */

/* Begin PBXFileReference section */
		40B972592D987B6800F7764D /* NalinEntainRaces.app */ = {isa = PBXFileReference; explicitFileType = wrapper.application; includeInIndex = 0; path = NalinEntainRaces.app; sourceTree = BUILT_PRODUCTS_DIR; };
		40B972692D987B6B00F7764D /* NalinEntainRacesTests.xctest */ = {isa = PBXFileReference; explicitFileType = wrapper.cfbundle; includeInIndex = 0; path = NalinEntainRacesTests.xctest; sourceTree = BUILT_PRODUCTS_DIR; };
		40B972732D987B6B00F7764D /* NalinEntainRacesUITests.xctest */ = {isa = PBXFileReference; explicitFileType = wrapper.cfbundle; includeInIndex = 0; path = NalinEntainRacesUITests.xctest; sourceTree = BUILT_PRODUCTS_DIR; };
/* End PBXFileReference section */

/* Begin PBXFileSystemSynchronizedRootGroup section */
		40B9725B2D987B6800F7764D /* NalinEntainRaces */ = {
			isa = PBXFileSystemSynchronizedRootGroup;
			path = NalinEntainRaces;
			sourceTree = "<group>";
		};
		40B9726C2D987B6B00F7764D /* NalinEntainRacesTests */ = {
			isa = PBXFileSystemSynchronizedRootGroup;
			path = NalinEntainRacesTests;
			sourceTree = "<group>";
		};
		40B972762D987B6B00F7764D /* NalinEntainRacesUITests */ = {
			isa = PBXFileSystemSynchronizedRootGroup;
			path = NalinEntainRacesUITests;
			sourceTree = "<group>";
		};
/* End PBXFileSystemSynchronizedRootGroup section */

/* Begin PBXFrameworksBuildPhase section */
		40B972562D987B6800F7764D /* Frameworks */ = {
			isa = PBXFrameworksBuildPhase;
			buildActionMask = 2147483647;
			files = (
			);
			runOnlyForDeploymentPostprocessing = 0;
		};
		40B972662D987B6B00F7764D /* Frameworks */ = {
			isa = PBXFrameworksBuildPhase;
			buildActionMask = 2147483647;
			files = (
			);
			runOnlyForDeploymentPostprocessing = 0;
		};
		40B972702D987B6B00F7764D /* Frameworks */ = {
			isa = PBXFrameworksBuildPhase;
			buildActionMask = 2147483647;
			files = (
			);
			runOnlyForDeploymentPostprocessing = 0;
		};
/* End PBXFrameworksBuildPhase section */

/* Begin PBXGroup section */
		40B972502D987B6800F7764D = {
			isa = PBXGroup;
			children = (
				40B9725B2D987B6800F7764D /* NalinEntainRaces */,
				40B9726C2D987B6B00F7764D /* NalinEntainRacesTests */,
				40B972762D987B6B00F7764D /* NalinEntainRacesUITests */,
				40B9725A2D987B6800F7764D /* Products */,
			);
			sourceTree = "<group>";
		};
		40B9725A2D987B6800F7764D /* Products */ = {
			isa = PBXGroup;
			children = (
				40B972592D987B6800F7764D /* NalinEntainRaces.app */,
				40B972692D987B6B00F7764D /* NalinEntainRacesTests.xctest */,
				40B972732D987B6B00F7764D /* NalinEntainRacesUITests.xctest */,
			);
			name = Products;
			sourceTree = "<group>";
		};
/* End PBXGroup section */

/* Begin PBXNativeTarget section */
		40B972582D987B6800F7764D /* NalinEntainRaces */ = {
			isa = PBXNativeTarget;
			buildConfigurationList = 40B9727D2D987B6B00F7764D /* Build configuration list for PBXNativeTarget "NalinEntainRaces" */;
			buildPhases = (
				40B972552D987B6800F7764D /* Sources */,
				40B972562D987B6800F7764D /* Frameworks */,
				40B972572D987B6800F7764D /* Resources */,
			);
			buildRules = (
			);
			dependencies = (
			);
			fileSystemSynchronizedGroups = (
				40B9725B2D987B6800F7764D /* NalinEntainRaces */,
			);
			name = NalinEntainRaces;
			packageProductDependencies = (
			);
			productName = NalinEntainRaces;
			productReference = 40B972592D987B6800F7764D /* NalinEntainRaces.app */;
			productType = "com.apple.product-type.application";
		};
		40B972682D987B6B00F7764D /* NalinEntainRacesTests */ = {
			isa = PBXNativeTarget;
			buildConfigurationList = 40B972802D987B6B00F7764D /* Build configuration list for PBXNativeTarget "NalinEntainRacesTests" */;
			buildPhases = (
				40B972652D987B6B00F7764D /* Sources */,
				40B972662D987B6B00F7764D /* Frameworks */,
				40B972672D987B6B00F7764D /* Resources */,
			);
			buildRules = (
			);
			dependencies = (
				40B9726B2D987B6B00F7764D /* PBXTargetDependency */,
			);
			fileSystemSynchronizedGroups = (
				40B9726C2D987B6B00F7764D /* NalinEntainRacesTests */,
			);
			name = NalinEntainRacesTests;
			packageProductDependencies = (
			);
			productName = NalinEntainRacesTests;
			productReference = 40B972692D987B6B00F7764D /* NalinEntainRacesTests.xctest */;
			productType = "com.apple.product-type.bundle.unit-test";
		};
		40B972722D987B6B00F7764D /* NalinEntainRacesUITests */ = {
			isa = PBXNativeTarget;
			buildConfigurationList = 40B972832D987B6B00F7764D /* Build configuration list for PBXNativeTarget "NalinEntainRacesUITests" */;
			buildPhases = (
				40B9726F2D987B6B00F7764D /* Sources */,
				40B972702D987B6B00F7764D /* Frameworks */,
				40B972712D987B6B00F7764D /* Resources */,
			);
			buildRules = (
			);
			dependencies = (
				40B972752D987B6B00F7764D /* PBXTargetDependency */,
			);
			fileSystemSynchronizedGroups = (
				40B972762D987B6B00F7764D /* NalinEntainRacesUITests */,
			);
			name = NalinEntainRacesUITests;
			packageProductDependencies = (
			);
			productName = NalinEntainRacesUITests;
			productReference = 40B972732D987B6B00F7764D /* NalinEntainRacesUITests.xctest */;
			productType = "com.apple.product-type.bundle.ui-testing";
		};
/* End PBXNativeTarget section */

/* Begin PBXProject section */
		40B972512D987B6800F7764D /* Project object */ = {
			isa = PBXProject;
			attributes = {
				BuildIndependentTargetsInParallel = 1;
				LastSwiftUpdateCheck = 1620;
				LastUpgradeCheck = 1620;
				TargetAttributes = {
					40B972582D987B6800F7764D = {
						CreatedOnToolsVersion = 16.2;
					};
					40B972682D987B6B00F7764D = {
						CreatedOnToolsVersion = 16.2;
						TestTargetID = 40B972582D987B6800F7764D;
					};
					40B972722D987B6B00F7764D = {
						CreatedOnToolsVersion = 16.2;
						TestTargetID = 40B972582D987B6800F7764D;
					};
				};
			};
			buildConfigurationList = 40B972542D987B6800F7764D /* Build configuration list for PBXProject "NalinEntainRaces" */;
			developmentRegion = en;
			hasScannedForEncodings = 0;
			knownRegions = (
				en,
				Base,
			);
			mainGroup = 40B972502D987B6800F7764D;
			minimizedProjectReferenceProxies = 1;
			preferredProjectObjectVersion = 77;
			productRefGroup = 40B9725A2D987B6800F7764D /* Products */;
			projectDirPath = "";
			projectRoot = "";
			targets = (
				40B972582D987B6800F7764D /* NalinEntainRaces */,
				40B972682D987B6B00F7764D /* NalinEntainRacesTests */,
				40B972722D987B6B00F7764D /* NalinEntainRacesUITests */,
			);
		};
/* End PBXProject section */

/* Begin PBXResourcesBuildPhase section */
		40B972572D987B6800F7764D /* Resources */ = {
			isa = PBXResourcesBuildPhase;
			buildActionMask = 2147483647;
			files = (
			);
			runOnlyForDeploymentPostprocessing = 0;
		};
		40B972672D987B6B00F7764D /* Resources */ = {
			isa = PBXResourcesBuildPhase;
			buildActionMask = 2147483647;
			files = (
			);
			runOnlyForDeploymentPostprocessing = 0;
		};
		40B972712D987B6B00F7764D /* Resources */ = {
			isa = PBXResourcesBuildPhase;
			buildActionMask = 2147483647;
			files = (
			);
			runOnlyForDeploymentPostprocessing = 0;
		};
/* End PBXResourcesBuildPhase section */

/* Begin PBXSourcesBuildPhase section */
		40B972552D987B6800F7764D /* Sources */ = {
			isa = PBXSourcesBuildPhase;
			buildActionMask = 2147483647;
			files = (
			);
			runOnlyForDeploymentPostprocessing = 0;
		};
		40B972652D987B6B00F7764D /* Sources */ = {
			isa = PBXSourcesBuildPhase;
			buildActionMask = 2147483647;
			files = (
			);
			runOnlyForDeploymentPostprocessing = 0;
		};
		40B9726F2D987B6B00F7764D /* Sources */ = {
			isa = PBXSourcesBuildPhase;
			buildActionMask = 2147483647;
			files = (
			);
			runOnlyForDeploymentPostprocessing = 0;
		};
/* End PBXSourcesBuildPhase section */

/* Begin PBXTargetDependency section */
		40B9726B2D987B6B00F7764D /* PBXTargetDependency */ = {
			isa = PBXTargetDependency;
			target = 40B972582D987B6800F7764D /* NalinEntainRaces */;
			targetProxy = 40B9726A2D987B6B00F7764D /* PBXContainerItemProxy */;
		};
		40B972752D987B6B00F7764D /* PBXTargetDependency */ = {
			isa = PBXTargetDependency;
			target = 40B972582D987B6800F7764D /* NalinEntainRaces */;
			targetProxy = 40B972742D987B6B00F7764D /* PBXContainerItemProxy */;
		};
/* End PBXTargetDependency section */

/* Begin XCBuildConfiguration section */
		40B9727B2D987B6B00F7764D /* Debug */ = {
			isa = XCBuildConfiguration;
			buildSettings = {
				ALWAYS_SEARCH_USER_PATHS = NO;
				ASSETCATALOG_COMPILER_GENERATE_SWIFT_ASSET_SYMBOL_EXTENSIONS = YES;
				CLANG_ANALYZER_NONNULL = YES;
				CLANG_ANALYZER_NUMBER_OBJECT_CONVERSION = YES_AGGRESSIVE;
				CLANG_CXX_LANGUAGE_STANDARD = "gnu++20";
				CLANG_ENABLE_MODULES = YES;
				CLANG_ENABLE_OBJC_ARC = YES;
				CLANG_ENABLE_OBJC_WEAK = YES;
				CLANG_WARN_BLOCK_CAPTURE_AUTORELEASING = YES;
				CLANG_WARN_BOOL_CONVERSION = YES;
				CLANG_WARN_COMMA = YES;
				CLANG_WARN_CONSTANT_CONVERSION = YES;
				CLANG_WARN_DEPRECATED_OBJC_IMPLEMENTATIONS = YES;
				CLANG_WARN_DIRECT_OBJC_ISA_USAGE = YES_ERROR;
				CLANG_WARN_DOCUMENTATION_COMMENTS = YES;
				CLANG_WARN_EMPTY_BODY = YES;
				CLANG_WARN_ENUM_CONVERSION = YES;
				CLANG_WARN_INFINITE_RECURSION = YES;
				CLANG_WARN_INT_CONVERSION = YES;
				CLANG_WARN_NON_LITERAL_NULL_CONVERSION = YES;
				CLANG_WARN_OBJC_IMPLICIT_RETAIN_SELF = YES;
				CLANG_WARN_OBJC_LITERAL_CONVERSION = YES;
				CLANG_WARN_OBJC_ROOT_CLASS = YES_ERROR;
				CLANG_WARN_QUOTED_INCLUDE_IN_FRAMEWORK_HEADER = YES;
				CLANG_WARN_RANGE_LOOP_ANALYSIS = YES;
				CLANG_WARN_STRICT_PROTOTYPES = YES;
				CLANG_WARN_SUSPICIOUS_MOVE = YES;
				CLANG_WARN_UNGUARDED_AVAILABILITY = YES_AGGRESSIVE;
				CLANG_WARN_UNREACHABLE_CODE = YES;
				CLANG_WARN__DUPLICATE_METHOD_MATCH = YES;
				COPY_PHASE_STRIP = NO;
				DEBUG_INFORMATION_FORMAT = dwarf;
				ENABLE_STRICT_OBJC_MSGSEND = YES;
				ENABLE_TESTABILITY = YES;
				ENABLE_USER_SCRIPT_SANDBOXING = YES;
				GCC_C_LANGUAGE_STANDARD = gnu17;
				GCC_DYNAMIC_NO_PIC = NO;
				GCC_NO_COMMON_BLOCKS = YES;
				GCC_OPTIMIZATION_LEVEL = 0;
				GCC_PREPROCESSOR_DEFINITIONS = (
					"DEBUG=1",
					"$(inherited)",
				);
				GCC_WARN_64_TO_32_BIT_CONVERSION = YES;
				GCC_WARN_ABOUT_RETURN_TYPE = YES_ERROR;
				GCC_WARN_UNDECLARED_SELECTOR = YES;
				GCC_WARN_UNINITIALIZED_AUTOS = YES_AGGRESSIVE;
				GCC_WARN_UNUSED_FUNCTION = YES;
				GCC_WARN_UNUSED_VARIABLE = YES;
				IPHONEOS_DEPLOYMENT_TARGET = 18.2;
				LOCALIZATION_PREFERS_STRING_CATALOGS = YES;
				MTL_ENABLE_DEBUG_INFO = INCLUDE_SOURCE;
				MTL_FAST_MATH = YES;
				ONLY_ACTIVE_ARCH = YES;
				SDKROOT = iphoneos;
				SWIFT_ACTIVE_COMPILATION_CONDITIONS = "DEBUG $(inherited)";
				SWIFT_OPTIMIZATION_LEVEL = "-Onone";
			};
			name = Debug;
		};
		40B9727C2D987B6B00F7764D /* Release */ = {
			isa = XCBuildConfiguration;
			buildSettings = {
				ALWAYS_SEARCH_USER_PATHS = NO;
				ASSETCATALOG_COMPILER_GENERATE_SWIFT_ASSET_SYMBOL_EXTENSIONS = YES;
				CLANG_ANALYZER_NONNULL = YES;
				CLANG_ANALYZER_NUMBER_OBJECT_CONVERSION = YES_AGGRESSIVE;
				CLANG_CXX_LANGUAGE_STANDARD = "gnu++20";
				CLANG_ENABLE_MODULES = YES;
				CLANG_ENABLE_OBJC_ARC = YES;
				CLANG_ENABLE_OBJC_WEAK = YES;
				CLANG_WARN_BLOCK_CAPTURE_AUTORELEASING = YES;
				CLANG_WARN_BOOL_CONVERSION = YES;
				CLANG_WARN_COMMA = YES;
				CLANG_WARN_CONSTANT_CONVERSION = YES;
				CLANG_WARN_DEPRECATED_OBJC_IMPLEMENTATIONS = YES;
				CLANG_WARN_DIRECT_OBJC_ISA_USAGE = YES_ERROR;
				CLANG_WARN_DOCUMENTATION_COMMENTS = YES;
				CLANG_WARN_EMPTY_BODY = YES;
				CLANG_WARN_ENUM_CONVERSION = YES;
				CLANG_WARN_INFINITE_RECURSION = YES;
				CLANG_WARN_INT_CONVERSION = YES;
				CLANG_WARN_NON_LITERAL_NULL_CONVERSION = YES;
				CLANG_WARN_OBJC_IMPLICIT_RETAIN_SELF = YES;
				CLANG_WARN_OBJC_LITERAL_CONVERSION = YES;
				CLANG_WARN_OBJC_ROOT_CLASS = YES_ERROR;
				CLANG_WARN_QUOTED_INCLUDE_IN_FRAMEWORK_HEADER = YES;
				CLANG_WARN_RANGE_LOOP_ANALYSIS = YES;
				CLANG_WARN_STRICT_PROTOTYPES = YES;
				CLANG_WARN_SUSPICIOUS_MOVE = YES;
				CLANG_WARN_UNGUARDED_AVAILABILITY = YES_AGGRESSIVE;
				CLANG_WARN_UNREACHABLE_CODE = YES;
				CLANG_WARN__DUPLICATE_METHOD_MATCH = YES;
				COPY_PHASE_STRIP = NO;
				DEBUG_INFORMATION_FORMAT = "dwarf-with-dsym";
				ENABLE_NS_ASSERTIONS = NO;
				ENABLE_STRICT_OBJC_MSGSEND = YES;
				ENABLE_USER_SCRIPT_SANDBOXING = YES;
				GCC_C_LANGUAGE_STANDARD = gnu17;
				GCC_NO_COMMON_BLOCKS = YES;
				GCC_WARN_64_TO_32_BIT_CONVERSION = YES;
				GCC_WARN_ABOUT_RETURN_TYPE = YES_ERROR;
				GCC_WARN_UNDECLARED_SELECTOR = YES;
				GCC_WARN_UNINITIALIZED_AUTOS = YES_AGGRESSIVE;
				GCC_WARN_UNUSED_FUNCTION = YES;
				GCC_WARN_UNUSED_VARIABLE = YES;
				IPHONEOS_DEPLOYMENT_TARGET = 18.2;
				LOCALIZATION_PREFERS_STRING_CATALOGS = YES;
				MTL_ENABLE_DEBUG_INFO = NO;
				MTL_FAST_MATH = YES;
				SDKROOT = iphoneos;
				SWIFT_COMPILATION_MODE = wholemodule;
				VALIDATE_PRODUCT = YES;
			};
			name = Release;
		};
		40B9727E2D987B6B00F7764D /* Debug */ = {
			isa = XCBuildConfiguration;
			buildSettings = {
				ASSETCATALOG_COMPILER_APPICON_NAME = AppIcon;
				ASSETCATALOG_COMPILER_GLOBAL_ACCENT_COLOR_NAME = AccentColor;
				CODE_SIGN_STYLE = Automatic;
				CURRENT_PROJECT_VERSION = 1;
				DEVELOPMENT_ASSET_PATHS = "\"NalinEntainRaces/Preview Content\"";
				ENABLE_PREVIEWS = YES;
				GENERATE_INFOPLIST_FILE = YES;
				INFOPLIST_KEY_UIApplicationSceneManifest_Generation = YES;
				INFOPLIST_KEY_UIApplicationSupportsIndirectInputEvents = YES;
				INFOPLIST_KEY_UILaunchScreen_Generation = YES;
				INFOPLIST_KEY_UISupportedInterfaceOrientations_iPad = "UIInterfaceOrientationPortrait UIInterfaceOrientationPortraitUpsideDown UIInterfaceOrientationLandscapeLeft UIInterfaceOrientationLandscapeRight";
				INFOPLIST_KEY_UISupportedInterfaceOrientations_iPhone = "UIInterfaceOrientationPortrait UIInterfaceOrientationLandscapeLeft UIInterfaceOrientationLandscapeRight";
				LD_RUNPATH_SEARCH_PATHS = (
					"$(inherited)",
					"@executable_path/Frameworks",
				);
				MARKETING_VERSION = 1.0;
				PRODUCT_BUNDLE_IDENTIFIER = com.nalin.NalinEntainRaces;
				PRODUCT_NAME = "$(TARGET_NAME)";
				SWIFT_EMIT_LOC_STRINGS = YES;
				SWIFT_VERSION = 5.0;
				TARGETED_DEVICE_FAMILY = "1,2";
			};
			name = Debug;
		};
		40B9727F2D987B6B00F7764D /* Release */ = {
			isa = XCBuildConfiguration;
			buildSettings = {
				ASSETCATALOG_COMPILER_APPICON_NAME = AppIcon;
				ASSETCATALOG_COMPILER_GLOBAL_ACCENT_COLOR_NAME = AccentColor;
				CODE_SIGN_STYLE = Automatic;
				CURRENT_PROJECT_VERSION = 1;
				DEVELOPMENT_ASSET_PATHS = "\"NalinEntainRaces/Preview Content\"";
				ENABLE_PREVIEWS = YES;
				GENERATE_INFOPLIST_FILE = YES;
				INFOPLIST_KEY_UIApplicationSceneManifest_Generation = YES;
				INFOPLIST_KEY_UIApplicationSupportsIndirectInputEvents = YES;
				INFOPLIST_KEY_UILaunchScreen_Generation = YES;
				INFOPLIST_KEY_UISupportedInterfaceOrientations_iPad = "UIInterfaceOrientationPortrait UIInterfaceOrientationPortraitUpsideDown UIInterfaceOrientationLandscapeLeft UIInterfaceOrientationLandscapeRight";
				INFOPLIST_KEY_UISupportedInterfaceOrientations_iPhone = "UIInterfaceOrientationPortrait UIInterfaceOrientationLandscapeLeft UIInterfaceOrientationLandscapeRight";
				LD_RUNPATH_SEARCH_PATHS = (
					"$(inherited)",
					"@executable_path/Frameworks",
				);
				MARKETING_VERSION = 1.0;
				PRODUCT_BUNDLE_IDENTIFIER = com.nalin.NalinEntainRaces;
				PRODUCT_NAME = "$(TARGET_NAME)";
				SWIFT_EMIT_LOC_STRINGS = YES;
				SWIFT_VERSION = 5.0;
				TARGETED_DEVICE_FAMILY = "1,2";
			};
			name = Release;
		};
		40B972812D987B6B00F7764D /* Debug */ = {
			isa = XCBuildConfiguration;
			buildSettings = {
				BUNDLE_LOADER = "$(TEST_HOST)";
				CODE_SIGN_STYLE = Automatic;
				CURRENT_PROJECT_VERSION = 1;
				GENERATE_INFOPLIST_FILE = YES;
				IPHONEOS_DEPLOYMENT_TARGET = 18.2;
				MARKETING_VERSION = 1.0;
				PRODUCT_BUNDLE_IDENTIFIER = com.nalin.NalinEntainRacesTests;
				PRODUCT_NAME = "$(TARGET_NAME)";
				SWIFT_EMIT_LOC_STRINGS = NO;
				SWIFT_VERSION = 5.0;
				TARGETED_DEVICE_FAMILY = "1,2";
				TEST_HOST = "$(BUILT_PRODUCTS_DIR)/NalinEntainRaces.app/$(BUNDLE_EXECUTABLE_FOLDER_PATH)/NalinEntainRaces";
			};
			name = Debug;
		};
		40B972822D987B6B00F7764D /* Release */ = {
			isa = XCBuildConfiguration;
			buildSettings = {
				BUNDLE_LOADER = "$(TEST_HOST)";
				CODE_SIGN_STYLE = Automatic;
				CURRENT_PROJECT_VERSION = 1;
				GENERATE_INFOPLIST_FILE = YES;
				IPHONEOS_DEPLOYMENT_TARGET = 18.2;
				MARKETING_VERSION = 1.0;
				PRODUCT_BUNDLE_IDENTIFIER = com.nalin.NalinEntainRacesTests;
				PRODUCT_NAME = "$(TARGET_NAME)";
				SWIFT_EMIT_LOC_STRINGS = NO;
				SWIFT_VERSION = 5.0;
				TARGETED_DEVICE_FAMILY = "1,2";
				TEST_HOST = "$(BUILT_PRODUCTS_DIR)/NalinEntainRaces.app/$(BUNDLE_EXECUTABLE_FOLDER_PATH)/NalinEntainRaces";
			};
			name = Release;
		};
		40B972842D987B6B00F7764D /* Debug */ = {
			isa = XCBuildConfiguration;
			buildSettings = {
				CODE_SIGN_STYLE = Automatic;
				CURRENT_PROJECT_VERSION = 1;
				GENERATE_INFOPLIST_FILE = YES;
				MARKETING_VERSION = 1.0;
				PRODUCT_BUNDLE_IDENTIFIER = com.nalin.NalinEntainRacesUITests;
				PRODUCT_NAME = "$(TARGET_NAME)";
				SWIFT_EMIT_LOC_STRINGS = NO;
				SWIFT_VERSION = 5.0;
				TARGETED_DEVICE_FAMILY = "1,2";
				TEST_TARGET_NAME = NalinEntainRaces;
			};
			name = Debug;
		};
		40B972852D987B6B00F7764D /* Release */ = {
			isa = XCBuildConfiguration;
			buildSettings = {
				CODE_SIGN_STYLE = Automatic;
				CURRENT_PROJECT_VERSION = 1;
				GENERATE_INFOPLIST_FILE = YES;
				MARKETING_VERSION = 1.0;
				PRODUCT_BUNDLE_IDENTIFIER = com.nalin.NalinEntainRacesUITests;
				PRODUCT_NAME = "$(TARGET_NAME)";
				SWIFT_EMIT_LOC_STRINGS = NO;
				SWIFT_VERSION = 5.0;
				TARGETED_DEVICE_FAMILY = "1,2";
				TEST_TARGET_NAME = NalinEntainRaces;
			};
			name = Release;
		};
/* End XCBuildConfiguration section */

/* Begin XCConfigurationList section */
		40B972542D987B6800F7764D /* Build configuration list for PBXProject "NalinEntainRaces" */ = {
			isa = XCConfigurationList;
			buildConfigurations = (
				40B9727B2D987B6B00F7764D /* Debug */,
				40B9727C2D987B6B00F7764D /* Release */,
			);
			defaultConfigurationIsVisible = 0;
			defaultConfigurationName = Release;
		};
		40B9727D2D987B6B00F7764D /* Build configuration list for PBXNativeTarget "NalinEntainRaces" */ = {
			isa = XCConfigurationList;
			buildConfigurations = (
				40B9727E2D987B6B00F7764D /* Debug */,
				40B9727F2D987B6B00F7764D /* Release */,
			);
			defaultConfigurationIsVisible = 0;
			defaultConfigurationName = Release;
		};
		40B972802D987B6B00F7764D /* Build configuration list for PBXNativeTarget "NalinEntainRacesTests" */ = {
			isa = XCConfigurationList;
			buildConfigurations = (
				40B972812D987B6B00F7764D /* Debug */,
				40B972822D987B6B00F7764D /* Release */,
			);
			defaultConfigurationIsVisible = 0;
			defaultConfigurationName = Release;
		};
		40B972832D987B6B00F7764D /* Build configuration list for PBXNativeTarget "NalinEntainRacesUITests" */ = {
			isa = XCConfigurationList;
			buildConfigurations = (
				40B972842D987B6B00F7764D /* Debug */,
				40B972852D987B6B00F7764D /* Release */,
			);
			defaultConfigurationIsVisible = 0;
			defaultConfigurationName = Release;
		};
/* End XCConfigurationList section */
	};
	rootObject = 40B972512D987B6800F7764D /* Project object */;
}
